
Microsoft Visual Studio Solution File, Format Version 12.00
# Visual Studio Version 17
VisualStudioVersion = 17.5.33516.290
MinimumVisualStudioVersion = 10.0.40219.1
Project("{FAE04EC0-301F-11D3-BF4B-00C04F79EFBC}") = "DiamondCore", "DiamondCore\DiamondCore.csproj", "{3B929CDA-8838-46C3-9FD4-436B7DB42F5B}"
EndProject
Global
	GlobalSection(SolutionConfigurationPlatforms) = preSolution
		Debug|Any CPU = Debug|Any CPU
		Release|Any CPU = Release|Any CPU
	EndGlobalSection
	GlobalSection(ProjectConfigurationPlatforms) = postSolution
		{3B929CDA-8838-46C3-9FD4-436B7DB42F5B}.Debug|Any CPU.ActiveCfg = Debug|Any CPU
		{3B929CDA-8838-46C3-9FD4-436B7DB42F5B}.Debug|Any CPU.Build.0 = Debug|Any CPU
		{3B929CDA-8838-46C3-9FD4-436B7DB42F5B}.Release|Any CPU.ActiveCfg = Release|Any CPU
		{3B929CDA-8838-46C3-9FD4-436B7DB42F5B}.Release|Any CPU.Build.0 = Release|Any CPU
	EndGlobalSection
	GlobalSection(SolutionProperties) = preSolution
		HideSolutionNode = FALSE
	EndGlobalSection
	GlobalSection(ExtensibilityGlobals) = postSolution
		SolutionGuid = {8EAEE9D1-C3E1-4D73-A909-BCE150FCB2E1}
	EndGlobalSection
EndGlobal
